lockfileVersion: '9.0'

settings:
  autoInstallPeers: true
  excludeLinksFromLockfile: false

importers:

  .:
    dependencies:
      '@types/ws':
        specifier: ^8.5.12
        version: 8.5.12
      neverthrow:
        specifier: ^8.1.0
        version: 8.1.0
      ws:
        specifier: ^8.18.0
        version: 8.18.0

packages:

  '@rollup/rollup-linux-x64-gnu@4.24.0':
    resolution: {integrity: sha512-ZXFk7M72R0YYFN5q13niV0B7G8/5dcQ9JDp8keJSfr3GoZeXEoMHP/HlvqROA3OMbMdfr19IjCeNAnPUG93b6A==}
    cpu: [x64]
    os: [linux]
    libc: [glibc]

  '@types/node@22.7.9':
    resolution: {integrity: sha512-jrTfRC7FM6nChvU7X2KqcrgquofrWLFDeYC1hKfwNWomVvrn7JIksqf344WN2X/y8xrgqBd2dJATZV4GbatBfg==}

  '@types/ws@8.5.12':
    resolution: {integrity: sha512-3tPRkv1EtkDpzlgyKyI8pGsGZAGPEaXeu0DOj5DI25Ja91bdAYddYHbADRYVrZMRbfW+1l5YwXVDKohDJNQxkQ==}

  neverthrow@8.1.0:
    resolution: {integrity: sha512-DV0klbzcsI0XOJvdGElzJ2sEXmEPwQLWio/ttq7D7CQApUduxqzNG2noc8ZPaAFc9XXINYVb0f5ozM0ZJKGF1w==}
    engines: {node: '>=18'}

  undici-types@6.19.8:
    resolution: {integrity: sha512-ve2KP6f/JnbPBFyobGHuerC9g1FYGn/F8n1LWTwNxCEzd6IfqTwUQcNXgEtmmQ6DlRrC1hrSrBnCZPokRrDHjw==}

  ws@8.18.0:
    resolution: {integrity: sha512-8VbfWfHLbbwu3+N6OKsOMpBdT4kXPDDB9cJk2bJ6mh9ucxdlnNvH1e+roYkKmN9Nxw2yjz7VzeO9oOz2zJ04Pw==}
    engines: {node: '>=10.0.0'}
    peerDependencies:
      bufferutil: ^4.0.1
      utf-8-validate: '>=5.0.2'
    peerDependenciesMeta:
      bufferutil:
        optional: true
      utf-8-validate:
        optional: true

snapshots:

  '@rollup/rollup-linux-x64-gnu@4.24.0':
    optional: true

  '@types/node@22.7.9':
    dependencies:
      undici-types: 6.19.8

  '@types/ws@8.5.12':
    dependencies:
      '@types/node': 22.7.9

  neverthrow@8.1.0:
    optionalDependencies:
      '@rollup/rollup-linux-x64-gnu': 4.24.0

  undici-types@6.19.8: {}

  ws@8.18.0: {}
