lockfileVersion: '9.0'

settings:
  autoInstallPeers: true
  excludeLinksFromLockfile: false

importers:

  .:
    dependencies:
      '@prisma/client':
        specifier: 6.0.0
        version: 6.0.0(prisma@6.0.0)
      neverthrow:
        specifier: ^8.1.0
        version: 8.1.0
      picocolors:
        specifier: ^1.1.1
        version: 1.1.1
      ws:
        specifier: ^8.18.0
        version: 8.18.0
    devDependencies:
      '@types/node':
        specifier: ^22.10.1
        version: 22.10.1
      '@types/ws':
        specifier: ^8.5.12
        version: 8.5.12
      prisma:
        specifier: ^6.0.0
        version: 6.0.0
      typescript:
        specifier: ^5.7.2
        version: 5.7.2

packages:

  '@prisma/client@6.0.0':
    resolution: {integrity: sha512-tOBhG35ozqZ/5Y6B0TNOa6cwULUW8ijXqBXcgb12bfozqf6eGMyGs+jphywCsj6uojv5lAZZnxVSoLMVebIP+g==}
    engines: {node: '>=18.18'}
    peerDependencies:
      prisma: '*'
    peerDependenciesMeta:
      prisma:
        optional: true

  '@prisma/debug@6.0.0':
    resolution: {integrity: sha512-eUjoNThlDXdyJ1iQ2d7U6aTVwm59EwvODb5zFVNJEokNoSiQmiYWNzZIwZyDmZ+j51j42/0iTaHIJ4/aZPKFRg==}

  '@prisma/engines-version@5.23.0-27.5dbef10bdbfb579e07d35cc85fb1518d357cb99e':
    resolution: {integrity: sha512-JmIds0Q2/vsOmnuTJYxY4LE+sajqjYKhLtdOT6y4imojqv5d/aeVEfbBGC74t8Be1uSp0OP8lxIj2OqoKbLsfQ==}

  '@prisma/engines@6.0.0':
    resolution: {integrity: sha512-ZZCVP3q22ifN6Ex6C8RIcTDBlRtMJS2H1ljV0knCiWNGArvvkEbE88W3uDdq/l4+UvyvHpGzdf9ZsCWSQR7ZQQ==}

  '@prisma/fetch-engine@6.0.0':
    resolution: {integrity: sha512-j2m+iO5RDPRI7SUc7sHo8wX7SA4iTkJ+18Sxch8KinQM46YiCQD1iXKN6qU79C1Fliw5Bw/qDyTHaTsa3JMerA==}

  '@prisma/get-platform@6.0.0':
    resolution: {integrity: sha512-PS6nYyIm9g8C03E4y7LknOfdCw/t2KyEJxntMPQHQZCOUgOpF82Ma60mdlOD08w90I3fjLiZZ0+MadenR3naDQ==}

  '@rollup/rollup-linux-x64-gnu@4.24.0':
    resolution: {integrity: sha512-ZXFk7M72R0YYFN5q13niV0B7G8/5dcQ9JDp8keJSfr3GoZeXEoMHP/HlvqROA3OMbMdfr19IjCeNAnPUG93b6A==}
    cpu: [x64]
    os: [linux]

  '@types/node@22.10.1':
    resolution: {integrity: sha512-qKgsUwfHZV2WCWLAnVP1JqnpE6Im6h3Y0+fYgMTasNQ7V++CBX5OT1as0g0f+OyubbFqhf6XVNIsmN4IIhEgGQ==}

  '@types/ws@8.5.12':
    resolution: {integrity: sha512-3tPRkv1EtkDpzlgyKyI8pGsGZAGPEaXeu0DOj5DI25Ja91bdAYddYHbADRYVrZMRbfW+1l5YwXVDKohDJNQxkQ==}

  fsevents@2.3.3:
    resolution: {integrity: sha512-5xoDfX+fL7faATnagmWPpbFtwh/R77WmMMqqHGS65C3vvB0YHrgF+B1YmZ3441tMj5n63k0212XNoJwzlhffQw==}
    engines: {node: ^8.16.0 || ^10.6.0 || >=11.0.0}
    os: [darwin]

  neverthrow@8.1.0:
    resolution: {integrity: sha512-DV0klbzcsI0XOJvdGElzJ2sEXmEPwQLWio/ttq7D7CQApUduxqzNG2noc8ZPaAFc9XXINYVb0f5ozM0ZJKGF1w==}
    engines: {node: '>=18'}

  picocolors@1.1.1:
    resolution: {integrity: sha512-xceH2snhtb5M9liqDsmEw56le376mTZkEX/jEb/RxNFyegNul7eNslCXP9FDj/Lcu0X8KEyMceP2ntpaHrDEVA==}

  prisma@6.0.0:
    resolution: {integrity: sha512-RX7KtbW7IoEByf7MR32JK1PkVYLVYFqeODTtiIX3cqekq1aKdsF3Eud4zp2sUShMLjvdb5Jow0LbUjRq5LVxPw==}
    engines: {node: '>=18.18'}
    hasBin: true

  typescript@5.7.2:
    resolution: {integrity: sha512-i5t66RHxDvVN40HfDd1PsEThGNnlMCMT3jMUuoh9/0TaqWevNontacunWyN02LA9/fIbEWlcHZcgTKb9QoaLfg==}
    engines: {node: '>=14.17'}
    hasBin: true

  undici-types@6.20.0:
    resolution: {integrity: sha512-Ny6QZ2Nju20vw1SRHe3d9jVu6gJ+4e3+MMpqu7pqE5HT6WsTSlce++GQmK5UXS8mzV8DSYHrQH+Xrf2jVcuKNg==}

  ws@8.18.0:
    resolution: {integrity: sha512-8VbfWfHLbbwu3+N6OKsOMpBdT4kXPDDB9cJk2bJ6mh9ucxdlnNvH1e+roYkKmN9Nxw2yjz7VzeO9oOz2zJ04Pw==}
    engines: {node: '>=10.0.0'}
    peerDependencies:
      bufferutil: ^4.0.1
      utf-8-validate: '>=5.0.2'
    peerDependenciesMeta:
      bufferutil:
        optional: true
      utf-8-validate:
        optional: true

snapshots:

  '@prisma/client@6.0.0(prisma@6.0.0)':
    optionalDependencies:
      prisma: 6.0.0

  '@prisma/debug@6.0.0': {}

  '@prisma/engines-version@5.23.0-27.5dbef10bdbfb579e07d35cc85fb1518d357cb99e': {}

  '@prisma/engines@6.0.0':
    dependencies:
      '@prisma/debug': 6.0.0
      '@prisma/engines-version': 5.23.0-27.5dbef10bdbfb579e07d35cc85fb1518d357cb99e
      '@prisma/fetch-engine': 6.0.0
      '@prisma/get-platform': 6.0.0

  '@prisma/fetch-engine@6.0.0':
    dependencies:
      '@prisma/debug': 6.0.0
      '@prisma/engines-version': 5.23.0-27.5dbef10bdbfb579e07d35cc85fb1518d357cb99e
      '@prisma/get-platform': 6.0.0

  '@prisma/get-platform@6.0.0':
    dependencies:
      '@prisma/debug': 6.0.0

  '@rollup/rollup-linux-x64-gnu@4.24.0':
    optional: true

  '@types/node@22.10.1':
    dependencies:
      undici-types: 6.20.0

  '@types/ws@8.5.12':
    dependencies:
      '@types/node': 22.10.1

  fsevents@2.3.3:
    optional: true

  neverthrow@8.1.0:
    optionalDependencies:
      '@rollup/rollup-linux-x64-gnu': 4.24.0

  picocolors@1.1.1: {}

  prisma@6.0.0:
    dependencies:
      '@prisma/engines': 6.0.0
    optionalDependencies:
      fsevents: 2.3.3

  typescript@5.7.2: {}

  undici-types@6.20.0: {}

  ws@8.18.0: {}
